// !$*UTF8*$!
{
	archiveVersion = 1;
	classes = {
	};
	objectVersion = 55;
	objects = {

/* Begin PBXBuildFile section */
		5331ECFA289E367000AD36BA /* CategoryButton.swift in Sources */ = {isa = PBXBuildFile; fileRef = 5331ECF9289E367000AD36BA /* CategoryButton.swift */; };
		5331ECFC289E377700AD36BA /* MainTableViewCell.swift in Sources */ = {isa = PBXBuildFile; fileRef = 5331ECFB289E377700AD36BA /* MainTableViewCell.swift */; };
		53C2D2872898E47A00294AED /* BenefitsDataController.swift in Sources */ = {isa = PBXBuildFile; fileRef = 53C2D2862898E47A00294AED /* BenefitsDataController.swift */; };
		C7930C4F28980FA000AF4DFF /* AppDelegate.swift in Sources */ = {isa = PBXBuildFile; fileRef = C7930C4E28980FA000AF4DFF /* AppDelegate.swift */; };
		C7930C5128980FA000AF4DFF /* SceneDelegate.swift in Sources */ = {isa = PBXBuildFile; fileRef = C7930C5028980FA000AF4DFF /* SceneDelegate.swift */; };
		C7930C5328980FA000AF4DFF /* ViewController.swift in Sources */ = {isa = PBXBuildFile; fileRef = C7930C5228980FA000AF4DFF /* ViewController.swift */; };
		C7930C5628980FA000AF4DFF /* Main.storyboard in Resources */ = {isa = PBXBuildFile; fileRef = C7930C5428980FA000AF4DFF /* Main.storyboard */; };
		C7930C5828980FA200AF4DFF /* Assets.xcassets in Resources */ = {isa = PBXBuildFile; fileRef = C7930C5728980FA200AF4DFF /* Assets.xcassets */; };
		C7930C5B28980FA200AF4DFF /* LaunchScreen.storyboard in Resources */ = {isa = PBXBuildFile; fileRef = C7930C5928980FA200AF4DFF /* LaunchScreen.storyboard */; };
		C7930C632898103900AF4DFF /* data.csv in Resources */ = {isa = PBXBuildFile; fileRef = C7930C622898103900AF4DFF /* data.csv */; };
/* End PBXBuildFile section */

/* Begin PBXFileReference section */
		5331ECF9289E367000AD36BA /* CategoryButton.swift */ = {isa = PBXFileReference; lastKnownFileType = sourcecode.swift; path = CategoryButton.swift; sourceTree = "<group>"; };
		5331ECFB289E377700AD36BA /* MainTableViewCell.swift */ = {isa = PBXFileReference; lastKnownFileType = sourcecode.swift; path = MainTableViewCell.swift; sourceTree = "<group>"; };
		53C2D2862898E47A00294AED /* BenefitsDataController.swift */ = {isa = PBXFileReference; lastKnownFileType = sourcecode.swift; path = BenefitsDataController.swift; sourceTree = "<group>"; };
		C7930C4B28980FA000AF4DFF /* SoldierPass.app */ = {isa = PBXFileReference; explicitFileType = wrapper.application; includeInIndex = 0; path = SoldierPass.app; sourceTree = BUILT_PRODUCTS_DIR; };
		C7930C4E28980FA000AF4DFF /* AppDelegate.swift */ = {isa = PBXFileReference; lastKnownFileType = sourcecode.swift; path = AppDelegate.swift; sourceTree = "<group>"; };
		C7930C5028980FA000AF4DFF /* SceneDelegate.swift */ = {isa = PBXFileReference; lastKnownFileType = sourcecode.swift; path = SceneDelegate.swift; sourceTree = "<group>"; };
		C7930C5228980FA000AF4DFF /* ViewController.swift */ = {isa = PBXFileReference; lastKnownFileType = sourcecode.swift; path = ViewController.swift; sourceTree = "<group>"; };
		C7930C5528980FA000AF4DFF /* Base */ = {isa = PBXFileReference; lastKnownFileType = file.storyboard; name = Base; path = Base.lproj/Main.storyboard; sourceTree = "<group>"; };
		C7930C5728980FA200AF4DFF /* Assets.xcassets */ = {isa = PBXFileReference; lastKnownFileType = folder.assetcatalog; path = Assets.xcassets; sourceTree = "<group>"; };
		C7930C5A28980FA200AF4DFF /* Base */ = {isa = PBXFileReference; lastKnownFileType = file.storyboard; name = Base; path = Base.lproj/LaunchScreen.storyboard; sourceTree = "<group>"; };
		C7930C5C28980FA200AF4DFF /* Info.plist */ = {isa = PBXFileReference; lastKnownFileType = text.plist.xml; path = Info.plist; sourceTree = "<group>"; };
		C7930C622898103900AF4DFF /* data.csv */ = {isa = PBXFileReference; fileEncoding = 4; lastKnownFileType = text; path = data.csv; sourceTree = "<group>"; };
/* End PBXFileReference section */

/* Begin PBXFrameworksBuildPhase section */
		C7930C4828980FA000AF4DFF /* Frameworks */ = {
			isa = PBXFrameworksBuildPhase;
			buildActionMask = 2147483647;
			files = (
			);
			runOnlyForDeploymentPostprocessing = 0;
		};
/* End PBXFrameworksBuildPhase section */

/* Begin PBXGroup section */
		C7930C4228980FA000AF4DFF = {
			isa = PBXGroup;
			children = (
				C7930C4D28980FA000AF4DFF /* SoldierPass */,
				C7930C4C28980FA000AF4DFF /* Products */,
			);
			sourceTree = "<group>";
		};
		C7930C4C28980FA000AF4DFF /* Products */ = {
			isa = PBXGroup;
			children = (
				C7930C4B28980FA000AF4DFF /* SoldierPass.app */,
			);
			name = Products;
			sourceTree = "<group>";
		};
		C7930C4D28980FA000AF4DFF /* SoldierPass */ = {
			isa = PBXGroup;
			children = (
				C7930C622898103900AF4DFF /* data.csv */,
				C7930C4E28980FA000AF4DFF /* AppDelegate.swift */,
				C7930C5028980FA000AF4DFF /* SceneDelegate.swift */,
				C7930C5228980FA000AF4DFF /* ViewController.swift */,
				C7930C5428980FA000AF4DFF /* Main.storyboard */,
				C7930C5728980FA200AF4DFF /* Assets.xcassets */,
				C7930C5928980FA200AF4DFF /* LaunchScreen.storyboard */,
				C7930C5C28980FA200AF4DFF /* Info.plist */,
				53C2D2862898E47A00294AED /* BenefitsDataController.swift */,
				5331ECF9289E367000AD36BA /* CategoryButton.swift */,
				5331ECFB289E377700AD36BA /* MainTableViewCell.swift */,
			);
			path = SoldierPass;
			sourceTree = "<group>";
		};
/* End PBXGroup section */

/* Begin PBXNativeTarget section */
		C7930C4A28980FA000AF4DFF /* SoldierPass */ = {
			isa = PBXNativeTarget;
			buildConfigurationList = C7930C5F28980FA200AF4DFF /* Build configuration list for PBXNativeTarget "SoldierPass" */;
			buildPhases = (
				C7930C4728980FA000AF4DFF /* Sources */,
				C7930C4828980FA000AF4DFF /* Frameworks */,
				C7930C4928980FA000AF4DFF /* Resources */,
			);
			buildRules = (
			);
			dependencies = (
			);
			name = SoldierPass;
			productName = SoldierPass;
			productReference = C7930C4B28980FA000AF4DFF /* SoldierPass.app */;
			productType = "com.apple.product-type.application";
		};
/* End PBXNativeTarget section */

/* Begin PBXProject section */
		C7930C4328980FA000AF4DFF /* Project object */ = {
			isa = PBXProject;
			attributes = {
				BuildIndependentTargetsInParallel = 1;
				LastSwiftUpdateCheck = 1340;
				LastUpgradeCheck = 1340;
				TargetAttributes = {
					C7930C4A28980FA000AF4DFF = {
						CreatedOnToolsVersion = 13.4.1;
					};
				};
			};
			buildConfigurationList = C7930C4628980FA000AF4DFF /* Build configuration list for PBXProject "SoldierPass" */;
			compatibilityVersion = "Xcode 13.0";
			developmentRegion = en;
			hasScannedForEncodings = 0;
			knownRegions = (
				en,
				Base,
			);
			mainGroup = C7930C4228980FA000AF4DFF;
			productRefGroup = C7930C4C28980FA000AF4DFF /* Products */;
			projectDirPath = "";
			projectRoot = "";
			targets = (
				C7930C4A28980FA000AF4DFF /* SoldierPass */,
			);
		};
/* End PBXProject section */

/* Begin PBXResourcesBuildPhase section */
		C7930C4928980FA000AF4DFF /* Resources */ = {
			isa = PBXResourcesBuildPhase;
			buildActionMask = 2147483647;
			files = (
				C7930C632898103900AF4DFF /* data.csv in Resources */,
				C7930C5B28980FA200AF4DFF /* LaunchScreen.storyboard in Resources */,
				C7930C5828980FA200AF4DFF /* Assets.xcassets in Resources */,
				C7930C5628980FA000AF4DFF /* Main.storyboard in Resources */,
			);
			runOnlyForDeploymentPostprocessing = 0;
		};
/* End PBXResourcesBuildPhase section */

/* Begin PBXSourcesBuildPhase section */
		C7930C4728980FA000AF4DFF /* Sources */ = {
			isa = PBXSourcesBuildPhase;
			buildActionMask = 2147483647;
			files = (
				C7930C5328980FA000AF4DFF /* ViewController.swift in Sources */,
				5331ECFA289E367000AD36BA /* CategoryButton.swift in Sources */,
				53C2D2872898E47A00294AED /* BenefitsDataController.swift in Sources */,
				C7930C4F28980FA000AF4DFF /* AppDelegate.swift in Sources */,
				5331ECFC289E377700AD36BA /* MainTableViewCell.swift in Sources */,
				C7930C5128980FA000AF4DFF /* SceneDelegate.swift in Sources */,
			);
			runOnlyForDeploymentPostprocessing = 0;
		};
/* End PBXSourcesBuildPhase section */

/* Begin PBXVariantGroup section */
		C7930C5428980FA000AF4DFF /* Main.storyboard */ = {
			isa = PBXVariantGroup;
			children = (
				C7930C5528980FA000AF4DFF /* Base */,
			);
			name = Main.storyboard;
			sourceTree = "<group>";
		};
		C7930C5928980FA200AF4DFF /* LaunchScreen.storyboard */ = {
			isa = PBXVariantGroup;
			children = (
				C7930C5A28980FA200AF4DFF /* Base */,
			);
			name = LaunchScreen.storyboard;
			sourceTree = "<group>";
		};
/* End PBXVariantGroup section */

/* Begin XCBuildConfiguration section */
		C7930C5D28980FA200AF4DFF /* Debug */ = {
			isa = XCBuildConfiguration;
			buildSettings = {
				ALWAYS_SEARCH_USER_PATHS = NO;
				CLANG_ANALYZER_NONNULL = YES;
				CLANG_ANALYZER_NUMBER_OBJECT_CONVERSION = YES_AGGRESSIVE;
				CLANG_CXX_LANGUAGE_STANDARD = "gnu++17";
				CLANG_ENABLE_MODULES = YES;
				CLANG_ENABLE_OBJC_ARC = YES;
				CLANG_ENABLE_OBJC_WEAK = YES;
				CLANG_WARN_BLOCK_CAPTURE_AUTORELEASING = YES;
				CLANG_WARN_BOOL_CONVERSION = YES;
				CLANG_WARN_COMMA = YES;
				CLANG_WARN_CONSTANT_CONVERSION = YES;
				CLANG_WARN_DEPRECATED_OBJC_IMPLEMENTATIONS = YES;
				CLANG_WARN_DIRECT_OBJC_ISA_USAGE = YES_ERROR;
				CLANG_WARN_DOCUMENTATION_COMMENTS = YES;
				CLANG_WARN_EMPTY_BODY = YES;
				CLANG_WARN_ENUM_CONVERSION = YES;
				CLANG_WARN_INFINITE_RECURSION = YES;
				CLANG_WARN_INT_CONVERSION = YES;
				CLANG_WARN_NON_LITERAL_NULL_CONVERSION = YES;
				CLANG_WARN_OBJC_IMPLICIT_RETAIN_SELF = YES;
				CLANG_WARN_OBJC_LITERAL_CONVERSION = YES;
				CLANG_WARN_OBJC_ROOT_CLASS = YES_ERROR;
				CLANG_WARN_QUOTED_INCLUDE_IN_FRAMEWORK_HEADER = YES;
				CLANG_WARN_RANGE_LOOP_ANALYSIS = YES;
				CLANG_WARN_STRICT_PROTOTYPES = YES;
				CLANG_WARN_SUSPICIOUS_MOVE = YES;
				CLANG_WARN_UNGUARDED_AVAILABILITY = YES_AGGRESSIVE;
				CLANG_WARN_UNREACHABLE_CODE = YES;
				CLANG_WARN__DUPLICATE_METHOD_MATCH = YES;
				COPY_PHASE_STRIP = NO;
				DEBUG_INFORMATION_FORMAT = dwarf;
				ENABLE_STRICT_OBJC_MSGSEND = YES;
				ENABLE_TESTABILITY = YES;
				GCC_C_LANGUAGE_STANDARD = gnu11;
				GCC_DYNAMIC_NO_PIC = NO;
				GCC_NO_COMMON_BLOCKS = YES;
				GCC_OPTIMIZATION_LEVEL = 0;
				GCC_PREPROCESSOR_DEFINITIONS = (
					"DEBUG=1",
					"$(inherited)",
				);
				GCC_WARN_64_TO_32_BIT_CONVERSION = YES;
				GCC_WARN_ABOUT_RETURN_TYPE = YES_ERROR;
				GCC_WARN_UNDECLARED_SELECTOR = YES;
				GCC_WARN_UNINITIALIZED_AUTOS = YES_AGGRESSIVE;
				GCC_WARN_UNUSED_FUNCTION = YES;
				GCC_WARN_UNUSED_VARIABLE = YES;
				IPHONEOS_DEPLOYMENT_TARGET = 15.5;
				MTL_ENABLE_DEBUG_INFO = INCLUDE_SOURCE;
				MTL_FAST_MATH = YES;
				ONLY_ACTIVE_ARCH = YES;
				SDKROOT = iphoneos;
				SWIFT_ACTIVE_COMPILATION_CONDITIONS = DEBUG;
				SWIFT_OPTIMIZATION_LEVEL = "-Onone";
			};
			name = Debug;
		};
		C7930C5E28980FA200AF4DFF /* Release */ = {
			isa = XCBuildConfiguration;
			buildSettings = {
				ALWAYS_SEARCH_USER_PATHS = NO;
				CLANG_ANALYZER_NONNULL = YES;
				CLANG_ANALYZER_NUMBER_OBJECT_CONVERSION = YES_AGGRESSIVE;
				CLANG_CXX_LANGUAGE_STANDARD = "gnu++17";
				CLANG_ENABLE_MODULES = YES;
				CLANG_ENABLE_OBJC_ARC = YES;
				CLANG_ENABLE_OBJC_WEAK = YES;
				CLANG_WARN_BLOCK_CAPTURE_AUTORELEASING = YES;
				CLANG_WARN_BOOL_CONVERSION = YES;
				CLANG_WARN_COMMA = YES;
				CLANG_WARN_CONSTANT_CONVERSION = YES;
				CLANG_WARN_DEPRECATED_OBJC_IMPLEMENTATIONS = YES;
				CLANG_WARN_DIRECT_OBJC_ISA_USAGE = YES_ERROR;
				CLANG_WARN_DOCUMENTATION_COMMENTS = YES;
				CLANG_WARN_EMPTY_BODY = YES;
				CLANG_WARN_ENUM_CONVERSION = YES;
				CLANG_WARN_INFINITE_RECURSION = YES;
				CLANG_WARN_INT_CONVERSION = YES;
				CLANG_WARN_NON_LITERAL_NULL_CONVERSION = YES;
				CLANG_WARN_OBJC_IMPLICIT_RETAIN_SELF = YES;
				CLANG_WARN_OBJC_LITERAL_CONVERSION = YES;
				CLANG_WARN_OBJC_ROOT_CLASS = YES_ERROR;
				CLANG_WARN_QUOTED_INCLUDE_IN_FRAMEWORK_HEADER = YES;
				CLANG_WARN_RANGE_LOOP_ANALYSIS = YES;
				CLANG_WARN_STRICT_PROTOTYPES = YES;
				CLANG_WARN_SUSPICIOUS_MOVE = YES;
				CLANG_WARN_UNGUARDED_AVAILABILITY = YES_AGGRESSIVE;
				CLANG_WARN_UNREACHABLE_CODE = YES;
				CLANG_WARN__DUPLICATE_METHOD_MATCH = YES;
				COPY_PHASE_STRIP = NO;
				DEBUG_INFORMATION_FORMAT = "dwarf-with-dsym";
				ENABLE_NS_ASSERTIONS = NO;
				ENABLE_STRICT_OBJC_MSGSEND = YES;
				GCC_C_LANGUAGE_STANDARD = gnu11;
				GCC_NO_COMMON_BLOCKS = YES;
				GCC_WARN_64_TO_32_BIT_CONVERSION = YES;
				GCC_WARN_ABOUT_RETURN_TYPE = YES_ERROR;
				GCC_WARN_UNDECLARED_SELECTOR = YES;
				GCC_WARN_UNINITIALIZED_AUTOS = YES_AGGRESSIVE;
				GCC_WARN_UNUSED_FUNCTION = YES;
				GCC_WARN_UNUSED_VARIABLE = YES;
				IPHONEOS_DEPLOYMENT_TARGET = 15.5;
				MTL_ENABLE_DEBUG_INFO = NO;
				MTL_FAST_MATH = YES;
				SDKROOT = iphoneos;
				SWIFT_COMPILATION_MODE = wholemodule;
				SWIFT_OPTIMIZATION_LEVEL = "-O";
				VALIDATE_PRODUCT = YES;
			};
			name = Release;
		};
		C7930C6028980FA200AF4DFF /* Debug */ = {
			isa = XCBuildConfiguration;
			buildSettings = {
				ASSETCATALOG_COMPILER_APPICON_NAME = AppIcon;
				ASSETCATALOG_COMPILER_GLOBAL_ACCENT_COLOR_NAME = AccentColor;
				CODE_SIGN_STYLE = Automatic;
				CURRENT_PROJECT_VERSION = 1;
				DEVELOPMENT_TEAM = 6MUPBPQFU7;
				GENERATE_INFOPLIST_FILE = YES;
				INFOPLIST_FILE = SoldierPass/Info.plist;
				INFOPLIST_KEY_UIApplicationSupportsIndirectInputEvents = YES;
				INFOPLIST_KEY_UILaunchStoryboardName = LaunchScreen;
				INFOPLIST_KEY_UIMainStoryboardFile = Main;
				INFOPLIST_KEY_UISupportedInterfaceOrientations_iPad = "UIInterfaceOrientationPortrait UIInterfaceOrientationPortraitUpsideDown UIInterfaceOrientationLandscapeLeft UIInterfaceOrientationLandscapeRight";
				INFOPLIST_KEY_UISupportedInterfaceOrientations_iPhone = "UIInterfaceOrientationPortrait UIInterfaceOrientationLandscapeLeft UIInterfaceOrientationLandscapeRight";
				LD_RUNPATH_SEARCH_PATHS = (
					"$(inherited)",
					"@executable_path/Frameworks",
				);
				MARKETING_VERSION = 1.0;
				PRODUCT_BUNDLE_IDENTIFIER = com.yourcompany.SoldierPass;
				PRODUCT_NAME = "$(TARGET_NAME)";
				SWIFT_EMIT_LOC_STRINGS = YES;
				SWIFT_VERSION = 5.0;
				TARGETED_DEVICE_FAMILY = "1,2";
			};
			name = Debug;
		};
		C7930C6128980FA200AF4DFF /* Release */ = {
			isa = XCBuildConfiguration;
			buildSettings = {
				ASSETCATALOG_COMPILER_APPICON_NAME = AppIcon;
				ASSETCATALOG_COMPILER_GLOBAL_ACCENT_COLOR_NAME = AccentColor;
				CODE_SIGN_STYLE = Automatic;
				CURRENT_PROJECT_VERSION = 1;
				DEVELOPMENT_TEAM = 6MUPBPQFU7;
				GENERATE_INFOPLIST_FILE = YES;
				INFOPLIST_FILE = SoldierPass/Info.plist;
				INFOPLIST_KEY_UIApplicationSupportsIndirectInputEvents = YES;
				INFOPLIST_KEY_UILaunchStoryboardName = LaunchScreen;
				INFOPLIST_KEY_UIMainStoryboardFile = Main;
				INFOPLIST_KEY_UISupportedInterfaceOrientations_iPad = "UIInterfaceOrientationPortrait UIInterfaceOrientationPortraitUpsideDown UIInterfaceOrientationLandscapeLeft UIInterfaceOrientationLandscapeRight";
				INFOPLIST_KEY_UISupportedInterfaceOrientations_iPhone = "UIInterfaceOrientationPortrait UIInterfaceOrientationLandscapeLeft UIInterfaceOrientationLandscapeRight";
				LD_RUNPATH_SEARCH_PATHS = (
					"$(inherited)",
					"@executable_path/Frameworks",
				);
				MARKETING_VERSION = 1.0;
				PRODUCT_BUNDLE_IDENTIFIER = com.yourcompany.SoldierPass;
				PRODUCT_NAME = "$(TARGET_NAME)";
				SWIFT_EMIT_LOC_STRINGS = YES;
				SWIFT_VERSION = 5.0;
				TARGETED_DEVICE_FAMILY = "1,2";
			};
			name = Release;
		};
/* End XCBuildConfiguration section */

/* Begin XCConfigurationList section */
		C7930C4628980FA000AF4DFF /* Build configuration list for PBXProject "SoldierPass" */ = {
			isa = XCConfigurationList;
			buildConfigurations = (
				C7930C5D28980FA200AF4DFF /* Debug */,
				C7930C5E28980FA200AF4DFF /* Release */,
			);
			defaultConfigurationIsVisible = 0;
			defaultConfigurationName = Release;
		};
		C7930C5F28980FA200AF4DFF /* Build configuration list for PBXNativeTarget "SoldierPass" */ = {
			isa = XCConfigurationList;
			buildConfigurations = (
				C7930C6028980FA200AF4DFF /* Debug */,
				C7930C6128980FA200AF4DFF /* Release */,
			);
			defaultConfigurationIsVisible = 0;
			defaultConfigurationName = Release;
		};
/* End XCConfigurationList section */
	};
	rootObject = C7930C4328980FA000AF4DFF /* Project object */;
}
