// !$*UTF8*$!
{
	archiveVersion = 1;
	classes = {
	};
	objectVersion = 55;
	objects = {

/* Begin PBXBuildFile section */
		5331ECFA289E367000AD36BA /* CategoryButton.swift in Sources */ = {isa = PBXBuildFile; fileRef = 5331ECF9289E367000AD36BA /* CategoryButton.swift */; };
		5331ECFC289E377700AD36BA /* MainTableViewCell.swift in Sources */ = {isa = PBXBuildFile; fileRef = 5331ECFB289E377700AD36BA /* MainTableViewCell.swift */; };
		53BF8A8A28AB989D0039D9AF /* DaumMap.embeddedframework in Resources */ = {isa = PBXBuildFile; fileRef = 53BF8A8928AB989D0039D9AF /* DaumMap.embeddedframework */; };
		53BF8A8F28ABC3C30039D9AF /* DBHelper.swift in Sources */ = {isa = PBXBuildFile; fileRef = 53BF8A8E28ABC3C30039D9AF /* DBHelper.swift */; };
		53BF8A9128ABD0080039D9AF /* PopupViewController.swift in Sources */ = {isa = PBXBuildFile; fileRef = 53BF8A9028ABD0080039D9AF /* PopupViewController.swift */; };
		53BF8A9328ABDD800039D9AF /* HomepageButton.swift in Sources */ = {isa = PBXBuildFile; fileRef = 53BF8A9228ABDD800039D9AF /* HomepageButton.swift */; };
		53BF8A9528ABE0C70039D9AF /* icons8-전화-30.png in Resources */ = {isa = PBXBuildFile; fileRef = 53BF8A9428ABE0C70039D9AF /* icons8-전화-30.png */; };
		53BF8A9728ABE3B70039D9AF /* icons8-채점자-30.png in Resources */ = {isa = PBXBuildFile; fileRef = 53BF8A9628ABE3B70039D9AF /* icons8-채점자-30.png */; };
		53BF8AA228AD05B10039D9AF /* cell_background.jpeg in Resources */ = {isa = PBXBuildFile; fileRef = 53BF8AA128AD05B10039D9AF /* cell_background.jpeg */; };
		53BF8AA428AD16A90039D9AF /* FavoriteTableViewCell.swift in Sources */ = {isa = PBXBuildFile; fileRef = 53BF8AA328AD16A90039D9AF /* FavoriteTableViewCell.swift */; };
		53BF8AA628AD17990039D9AF /* FavoriteTableViewController.swift in Sources */ = {isa = PBXBuildFile; fileRef = 53BF8AA528AD17990039D9AF /* FavoriteTableViewController.swift */; };
		53BF8AAC28AE7ACB0039D9AF /* MovieViewController.swift in Sources */ = {isa = PBXBuildFile; fileRef = 53BF8AAB28AE7ACB0039D9AF /* MovieViewController.swift */; };
		53BF8AB828AEA6050039D9AF /* DaumMap.framework in Frameworks */ = {isa = PBXBuildFile; fileRef = 53BF8AB728AEA6050039D9AF /* DaumMap.framework */; };
		53C2D2872898E47A00294AED /* BenefitsDataController.swift in Sources */ = {isa = PBXBuildFile; fileRef = 53C2D2862898E47A00294AED /* BenefitsDataController.swift */; };
		C7930C4F28980FA000AF4DFF /* AppDelegate.swift in Sources */ = {isa = PBXBuildFile; fileRef = C7930C4E28980FA000AF4DFF /* AppDelegate.swift */; };
		C7930C5128980FA000AF4DFF /* SceneDelegate.swift in Sources */ = {isa = PBXBuildFile; fileRef = C7930C5028980FA000AF4DFF /* SceneDelegate.swift */; };
		C7930C5328980FA000AF4DFF /* ViewController.swift in Sources */ = {isa = PBXBuildFile; fileRef = C7930C5228980FA000AF4DFF /* ViewController.swift */; };
		C7930C5628980FA000AF4DFF /* Main.storyboard in Resources */ = {isa = PBXBuildFile; fileRef = C7930C5428980FA000AF4DFF /* Main.storyboard */; };
		C7930C5828980FA200AF4DFF /* Assets.xcassets in Resources */ = {isa = PBXBuildFile; fileRef = C7930C5728980FA200AF4DFF /* Assets.xcassets */; };
		C7930C5B28980FA200AF4DFF /* LaunchScreen.storyboard in Resources */ = {isa = PBXBuildFile; fileRef = C7930C5928980FA200AF4DFF /* LaunchScreen.storyboard */; };
		C7930C632898103900AF4DFF /* data.csv in Resources */ = {isa = PBXBuildFile; fileRef = C7930C622898103900AF4DFF /* data.csv */; };
		C7B4625528A6ABD900AB6813 /* MapViewController.swift in Sources */ = {isa = PBXBuildFile; fileRef = C7B4625428A6ABD900AB6813 /* MapViewController.swift */; };
		C7B4633E28A6AF2100AB6813 /* Metal.framework in Frameworks */ = {isa = PBXBuildFile; fileRef = C7B4633D28A6AF2100AB6813 /* Metal.framework */; };
		C7B4634328A6AF6500AB6813 /* QuartzCore.framework in Frameworks */ = {isa = PBXBuildFile; fileRef = C7B4634228A6AF6500AB6813 /* QuartzCore.framework */; };
		C7B4634528A6AF7300AB6813 /* CoreLocation.framework in Frameworks */ = {isa = PBXBuildFile; fileRef = C7B4634428A6AF7300AB6813 /* CoreLocation.framework */; };
		C7B4634728A6AF7F00AB6813 /* SystemConfiguration.framework in Frameworks */ = {isa = PBXBuildFile; fileRef = C7B4634628A6AF7F00AB6813 /* SystemConfiguration.framework */; };
		C7B4643B28A6BA4700AB6813 /* libc++.tbd in Frameworks */ = {isa = PBXBuildFile; fileRef = C7B4634128A6AF5200AB6813 /* libc++.tbd */; };
		C7B4643C28A6BA5000AB6813 /* libxml2.tbd in Frameworks */ = {isa = PBXBuildFile; fileRef = C7B4634028A6AF4100AB6813 /* libxml2.tbd */; };
		C7B4643D28A6BA5A00AB6813 /* libsqlite3.tbd in Frameworks */ = {isa = PBXBuildFile; fileRef = C7B4633F28A6AF3200AB6813 /* libsqlite3.tbd */; };
		C7BF1FD928AE960D00EB4537 /* MovieTableViewCell.swift in Sources */ = {isa = PBXBuildFile; fileRef = C7BF1FD828AE960D00EB4537 /* MovieTableViewCell.swift */; };
		C7EA888028A96CDD00D850F3 /* icons8-별-50 (1).png in Resources */ = {isa = PBXBuildFile; fileRef = C7EA887728A96CDD00D850F3 /* icons8-별-50 (1).png */; };
		C7EA888128A96CDD00D850F3 /* icons8-지도-마커-50 (1).png in Resources */ = {isa = PBXBuildFile; fileRef = C7EA887828A96CDD00D850F3 /* icons8-지도-마커-50 (1).png */; };
		C7EA888228A96CDD00D850F3 /* icons8-집-50 (1).png in Resources */ = {isa = PBXBuildFile; fileRef = C7EA887928A96CDD00D850F3 /* icons8-집-50 (1).png */; };
		C7EA888328A96CDD00D850F3 /* icons8-집-50.png in Resources */ = {isa = PBXBuildFile; fileRef = C7EA887A28A96CDD00D850F3 /* icons8-집-50.png */; };
		C7EA888428A96CDD00D850F3 /* icons8-지도-마커-50.png in Resources */ = {isa = PBXBuildFile; fileRef = C7EA887B28A96CDD00D850F3 /* icons8-지도-마커-50.png */; };
		C7EA888528A96CDD00D850F3 /* icons8-별-50.png in Resources */ = {isa = PBXBuildFile; fileRef = C7EA887C28A96CDD00D850F3 /* icons8-별-50.png */; };
		C7EA888628A96CDD00D850F3 /* icons8-별-50 (4).png in Resources */ = {isa = PBXBuildFile; fileRef = C7EA887D28A96CDD00D850F3 /* icons8-별-50 (4).png */; };
		C7EA888728A96CDD00D850F3 /* star.png in Resources */ = {isa = PBXBuildFile; fileRef = C7EA887E28A96CDD00D850F3 /* star.png */; };
		C7EA888828A96CDD00D850F3 /* full_star.png in Resources */ = {isa = PBXBuildFile; fileRef = C7EA887F28A96CDD00D850F3 /* full_star.png */; };
		C7EA888C28A97F6600D850F3 /* TabViewController.swift in Sources */ = {isa = PBXBuildFile; fileRef = C7EA888B28A97F6600D850F3 /* TabViewController.swift */; };
/* End PBXBuildFile section */

/* Begin PBXFileReference section */
		5331ECF9289E367000AD36BA /* CategoryButton.swift */ = {isa = PBXFileReference; lastKnownFileType = sourcecode.swift; path = CategoryButton.swift; sourceTree = "<group>"; };
		5331ECFB289E377700AD36BA /* MainTableViewCell.swift */ = {isa = PBXFileReference; lastKnownFileType = sourcecode.swift; path = MainTableViewCell.swift; sourceTree = "<group>"; };
		53BF8A8928AB989D0039D9AF /* DaumMap.embeddedframework */ = {isa = PBXFileReference; lastKnownFileType = folder; path = DaumMap.embeddedframework; sourceTree = "<group>"; };
		53BF8A8E28ABC3C30039D9AF /* DBHelper.swift */ = {isa = PBXFileReference; lastKnownFileType = sourcecode.swift; path = DBHelper.swift; sourceTree = "<group>"; };
		53BF8A9028ABD0080039D9AF /* PopupViewController.swift */ = {isa = PBXFileReference; lastKnownFileType = sourcecode.swift; path = PopupViewController.swift; sourceTree = "<group>"; };
		53BF8A9228ABDD800039D9AF /* HomepageButton.swift */ = {isa = PBXFileReference; lastKnownFileType = sourcecode.swift; path = HomepageButton.swift; sourceTree = "<group>"; };
		53BF8A9428ABE0C70039D9AF /* icons8-전화-30.png */ = {isa = PBXFileReference; lastKnownFileType = image.png; path = "icons8-전화-30.png"; sourceTree = "<group>"; };
		53BF8A9628ABE3B70039D9AF /* icons8-채점자-30.png */ = {isa = PBXFileReference; lastKnownFileType = image.png; path = "icons8-채점자-30.png"; sourceTree = "<group>"; };
		53BF8AA128AD05B10039D9AF /* cell_background.jpeg */ = {isa = PBXFileReference; lastKnownFileType = image.jpeg; path = cell_background.jpeg; sourceTree = "<group>"; };
		53BF8AA328AD16A90039D9AF /* FavoriteTableViewCell.swift */ = {isa = PBXFileReference; lastKnownFileType = sourcecode.swift; path = FavoriteTableViewCell.swift; sourceTree = "<group>"; };
		53BF8AA528AD17990039D9AF /* FavoriteTableViewController.swift */ = {isa = PBXFileReference; lastKnownFileType = sourcecode.swift; path = FavoriteTableViewController.swift; sourceTree = "<group>"; };
		53BF8AAB28AE7ACB0039D9AF /* MovieViewController.swift */ = {isa = PBXFileReference; lastKnownFileType = sourcecode.swift; path = MovieViewController.swift; sourceTree = "<group>"; };
		53BF8AB528AEA6000039D9AF /* DaumMap.embeddedframework */ = {isa = PBXFileReference; lastKnownFileType = folder; name = DaumMap.embeddedframework; path = ../../../Downloads/IOS_DaumMap_SDK_1.4.0/lib/DaumMap.embeddedframework; sourceTree = "<group>"; };
		53BF8AB728AEA6050039D9AF /* DaumMap.framework */ = {isa = PBXFileReference; lastKnownFileType = wrapper.framework; name = DaumMap.framework; path = ../../../Downloads/IOS_DaumMap_SDK_1.4.0/lib/DaumMap.embeddedframework/DaumMap.framework; sourceTree = "<group>"; };
		53C2D2862898E47A00294AED /* BenefitsDataController.swift */ = {isa = PBXFileReference; lastKnownFileType = sourcecode.swift; path = BenefitsDataController.swift; sourceTree = "<group>"; };
		C7930C4B28980FA000AF4DFF /* SoldierPass.app */ = {isa = PBXFileReference; explicitFileType = wrapper.application; includeInIndex = 0; path = SoldierPass.app; sourceTree = BUILT_PRODUCTS_DIR; };
		C7930C4E28980FA000AF4DFF /* AppDelegate.swift */ = {isa = PBXFileReference; lastKnownFileType = sourcecode.swift; path = AppDelegate.swift; sourceTree = "<group>"; };
		C7930C5028980FA000AF4DFF /* SceneDelegate.swift */ = {isa = PBXFileReference; lastKnownFileType = sourcecode.swift; path = SceneDelegate.swift; sourceTree = "<group>"; };
		C7930C5228980FA000AF4DFF /* ViewController.swift */ = {isa = PBXFileReference; lastKnownFileType = sourcecode.swift; path = ViewController.swift; sourceTree = "<group>"; };
		C7930C5528980FA000AF4DFF /* Base */ = {isa = PBXFileReference; lastKnownFileType = file.storyboard; name = Base; path = Base.lproj/Main.storyboard; sourceTree = "<group>"; };
		C7930C5728980FA200AF4DFF /* Assets.xcassets */ = {isa = PBXFileReference; lastKnownFileType = folder.assetcatalog; path = Assets.xcassets; sourceTree = "<group>"; };
		C7930C5A28980FA200AF4DFF /* Base */ = {isa = PBXFileReference; lastKnownFileType = file.storyboard; name = Base; path = Base.lproj/LaunchScreen.storyboard; sourceTree = "<group>"; };
		C7930C5C28980FA200AF4DFF /* Info.plist */ = {isa = PBXFileReference; lastKnownFileType = text.plist.xml; path = Info.plist; sourceTree = "<group>"; };
		C7930C622898103900AF4DFF /* data.csv */ = {isa = PBXFileReference; fileEncoding = 4; lastKnownFileType = text; path = data.csv; sourceTree = "<group>"; };
		C7B4625428A6ABD900AB6813 /* MapViewController.swift */ = {isa = PBXFileReference; lastKnownFileType = sourcecode.swift; path = MapViewController.swift; sourceTree = "<group>"; };
		C7B4633D28A6AF2100AB6813 /* Metal.framework */ = {isa = PBXFileReference; lastKnownFileType = wrapper.framework; name = Metal.framework; path = System/Library/Frameworks/Metal.framework; sourceTree = SDKROOT; };
		C7B4633F28A6AF3200AB6813 /* libsqlite3.tbd */ = {isa = PBXFileReference; lastKnownFileType = "sourcecode.text-based-dylib-definition"; name = libsqlite3.tbd; path = usr/lib/libsqlite3.tbd; sourceTree = SDKROOT; };
		C7B4634028A6AF4100AB6813 /* libxml2.tbd */ = {isa = PBXFileReference; lastKnownFileType = "sourcecode.text-based-dylib-definition"; name = libxml2.tbd; path = usr/lib/libxml2.tbd; sourceTree = SDKROOT; };
		C7B4634128A6AF5200AB6813 /* libc++.tbd */ = {isa = PBXFileReference; lastKnownFileType = "sourcecode.text-based-dylib-definition"; name = "libc++.tbd"; path = "usr/lib/libc++.tbd"; sourceTree = SDKROOT; };
		C7B4634228A6AF6500AB6813 /* QuartzCore.framework */ = {isa = PBXFileReference; lastKnownFileType = wrapper.framework; name = QuartzCore.framework; path = System/Library/Frameworks/QuartzCore.framework; sourceTree = SDKROOT; };
		C7B4634428A6AF7300AB6813 /* CoreLocation.framework */ = {isa = PBXFileReference; lastKnownFileType = wrapper.framework; name = CoreLocation.framework; path = System/Library/Frameworks/CoreLocation.framework; sourceTree = SDKROOT; };
		C7B4634628A6AF7F00AB6813 /* SystemConfiguration.framework */ = {isa = PBXFileReference; lastKnownFileType = wrapper.framework; name = SystemConfiguration.framework; path = System/Library/Frameworks/SystemConfiguration.framework; sourceTree = SDKROOT; };
		C7B4634828A6AFE100AB6813 /* Header.h */ = {isa = PBXFileReference; lastKnownFileType = sourcecode.c.h; path = Header.h; sourceTree = "<group>"; };
		C7BF1FD828AE960D00EB4537 /* MovieTableViewCell.swift */ = {isa = PBXFileReference; lastKnownFileType = sourcecode.swift; path = MovieTableViewCell.swift; sourceTree = "<group>"; };
		C7EA887728A96CDD00D850F3 /* icons8-별-50 (1).png */ = {isa = PBXFileReference; lastKnownFileType = image.png; path = "icons8-별-50 (1).png"; sourceTree = "<group>"; };
		C7EA887828A96CDD00D850F3 /* icons8-지도-마커-50 (1).png */ = {isa = PBXFileReference; lastKnownFileType = image.png; path = "icons8-지도-마커-50 (1).png"; sourceTree = "<group>"; };
		C7EA887928A96CDD00D850F3 /* icons8-집-50 (1).png */ = {isa = PBXFileReference; lastKnownFileType = image.png; path = "icons8-집-50 (1).png"; sourceTree = "<group>"; };
		C7EA887A28A96CDD00D850F3 /* icons8-집-50.png */ = {isa = PBXFileReference; lastKnownFileType = image.png; path = "icons8-집-50.png"; sourceTree = "<group>"; };
		C7EA887B28A96CDD00D850F3 /* icons8-지도-마커-50.png */ = {isa = PBXFileReference; lastKnownFileType = image.png; path = "icons8-지도-마커-50.png"; sourceTree = "<group>"; };
		C7EA887C28A96CDD00D850F3 /* icons8-별-50.png */ = {isa = PBXFileReference; lastKnownFileType = image.png; path = "icons8-별-50.png"; sourceTree = "<group>"; };
		C7EA887D28A96CDD00D850F3 /* icons8-별-50 (4).png */ = {isa = PBXFileReference; lastKnownFileType = image.png; path = "icons8-별-50 (4).png"; sourceTree = "<group>"; };
		C7EA887E28A96CDD00D850F3 /* star.png */ = {isa = PBXFileReference; lastKnownFileType = image.png; path = star.png; sourceTree = "<group>"; };
		C7EA887F28A96CDD00D850F3 /* full_star.png */ = {isa = PBXFileReference; lastKnownFileType = image.png; path = full_star.png; sourceTree = "<group>"; };
		C7EA888B28A97F6600D850F3 /* TabViewController.swift */ = {isa = PBXFileReference; lastKnownFileType = sourcecode.swift; path = TabViewController.swift; sourceTree = "<group>"; };
/* End PBXFileReference section */

/* Begin PBXFrameworksBuildPhase section */
		C7930C4828980FA000AF4DFF /* Frameworks */ = {
			isa = PBXFrameworksBuildPhase;
			buildActionMask = 2147483647;
			files = (
				C7B4643B28A6BA4700AB6813 /* libc++.tbd in Frameworks */,
				C7B4634528A6AF7300AB6813 /* CoreLocation.framework in Frameworks */,
				53BF8AB828AEA6050039D9AF /* DaumMap.framework in Frameworks */,
				C7B4643D28A6BA5A00AB6813 /* libsqlite3.tbd in Frameworks */,
				C7B4634728A6AF7F00AB6813 /* SystemConfiguration.framework in Frameworks */,
				C7B4643C28A6BA5000AB6813 /* libxml2.tbd in Frameworks */,
				C7B4633E28A6AF2100AB6813 /* Metal.framework in Frameworks */,
				C7B4634328A6AF6500AB6813 /* QuartzCore.framework in Frameworks */,
			);
			runOnlyForDeploymentPostprocessing = 0;
		};
/* End PBXFrameworksBuildPhase section */

/* Begin PBXGroup section */
		C7930C4228980FA000AF4DFF = {
			isa = PBXGroup;
			children = (
				C7B4634828A6AFE100AB6813 /* Header.h */,
				C7930C4D28980FA000AF4DFF /* SoldierPass */,
				C7930C4C28980FA000AF4DFF /* Products */,
				C7B4633C28A6AF2100AB6813 /* Frameworks */,
			);
			sourceTree = "<group>";
		};
		C7930C4C28980FA000AF4DFF /* Products */ = {
			isa = PBXGroup;
			children = (
				C7930C4B28980FA000AF4DFF /* SoldierPass.app */,
			);
			name = Products;
			sourceTree = "<group>";
		};
		C7930C4D28980FA000AF4DFF /* SoldierPass */ = {
			isa = PBXGroup;
			children = (
				53BF8AA128AD05B10039D9AF /* cell_background.jpeg */,
				C7EA887628A96CDD00D850F3 /* icons8 */,
				C7930C622898103900AF4DFF /* data.csv */,
				53BF8A8928AB989D0039D9AF /* DaumMap.embeddedframework */,
				C7930C4E28980FA000AF4DFF /* AppDelegate.swift */,
				C7930C5028980FA000AF4DFF /* SceneDelegate.swift */,
				C7930C5228980FA000AF4DFF /* ViewController.swift */,
				C7930C5428980FA000AF4DFF /* Main.storyboard */,
				C7EA888B28A97F6600D850F3 /* TabViewController.swift */,
				C7B4625428A6ABD900AB6813 /* MapViewController.swift */,
				C7930C5728980FA200AF4DFF /* Assets.xcassets */,
				C7930C5928980FA200AF4DFF /* LaunchScreen.storyboard */,
				C7930C5C28980FA200AF4DFF /* Info.plist */,
				53C2D2862898E47A00294AED /* BenefitsDataController.swift */,
				5331ECF9289E367000AD36BA /* CategoryButton.swift */,
				5331ECFB289E377700AD36BA /* MainTableViewCell.swift */,
				C7BF1FD828AE960D00EB4537 /* MovieTableViewCell.swift */,
				53BF8A8E28ABC3C30039D9AF /* DBHelper.swift */,
				53BF8A9028ABD0080039D9AF /* PopupViewController.swift */,
				53BF8A9228ABDD800039D9AF /* HomepageButton.swift */,
				53BF8AA328AD16A90039D9AF /* FavoriteTableViewCell.swift */,
				53BF8AA528AD17990039D9AF /* FavoriteTableViewController.swift */,
				53BF8AAB28AE7ACB0039D9AF /* MovieViewController.swift */,
			);
			path = SoldierPass;
			sourceTree = "<group>";
		};
		C7B4633C28A6AF2100AB6813 /* Frameworks */ = {
			isa = PBXGroup;
			children = (
				53BF8AB528AEA6000039D9AF /* DaumMap.embeddedframework */,
				53BF8AB728AEA6050039D9AF /* DaumMap.framework */,
				C7B4634628A6AF7F00AB6813 /* SystemConfiguration.framework */,
				C7B4634428A6AF7300AB6813 /* CoreLocation.framework */,
				C7B4634228A6AF6500AB6813 /* QuartzCore.framework */,
				C7B4634128A6AF5200AB6813 /* libc++.tbd */,
				C7B4634028A6AF4100AB6813 /* libxml2.tbd */,
				C7B4633F28A6AF3200AB6813 /* libsqlite3.tbd */,
				C7B4633D28A6AF2100AB6813 /* Metal.framework */,
			);
			name = Frameworks;
			sourceTree = "<group>";
		};
		C7EA887628A96CDD00D850F3 /* icons8 */ = {
			isa = PBXGroup;
			children = (
				53BF8A9628ABE3B70039D9AF /* icons8-채점자-30.png */,
				C7EA887728A96CDD00D850F3 /* icons8-별-50 (1).png */,
				C7EA887828A96CDD00D850F3 /* icons8-지도-마커-50 (1).png */,
				C7EA887928A96CDD00D850F3 /* icons8-집-50 (1).png */,
				C7EA887A28A96CDD00D850F3 /* icons8-집-50.png */,
				C7EA887B28A96CDD00D850F3 /* icons8-지도-마커-50.png */,
				C7EA887C28A96CDD00D850F3 /* icons8-별-50.png */,
				C7EA887D28A96CDD00D850F3 /* icons8-별-50 (4).png */,
				C7EA887E28A96CDD00D850F3 /* star.png */,
				C7EA887F28A96CDD00D850F3 /* full_star.png */,
				53BF8A9428ABE0C70039D9AF /* icons8-전화-30.png */,
			);
			path = icons8;
			sourceTree = "<group>";
		};
/* End PBXGroup section */

/* Begin PBXNativeTarget section */
		C7930C4A28980FA000AF4DFF /* SoldierPass */ = {
			isa = PBXNativeTarget;
			buildConfigurationList = C7930C5F28980FA200AF4DFF /* Build configuration list for PBXNativeTarget "SoldierPass" */;
			buildPhases = (
				C7930C4728980FA000AF4DFF /* Sources */,
				C7930C4828980FA000AF4DFF /* Frameworks */,
				C7930C4928980FA000AF4DFF /* Resources */,
			);
			buildRules = (
			);
			dependencies = (
			);
			name = SoldierPass;
			productName = SoldierPass;
			productReference = C7930C4B28980FA000AF4DFF /* SoldierPass.app */;
			productType = "com.apple.product-type.application";
		};
/* End PBXNativeTarget section */

/* Begin PBXProject section */
		C7930C4328980FA000AF4DFF /* Project object */ = {
			isa = PBXProject;
			attributes = {
				BuildIndependentTargetsInParallel = 1;
				LastSwiftUpdateCheck = 1340;
				LastUpgradeCheck = 1340;
				TargetAttributes = {
					C7930C4A28980FA000AF4DFF = {
						CreatedOnToolsVersion = 13.4.1;
					};
				};
			};
			buildConfigurationList = C7930C4628980FA000AF4DFF /* Build configuration list for PBXProject "SoldierPass" */;
			compatibilityVersion = "Xcode 13.0";
			developmentRegion = en;
			hasScannedForEncodings = 0;
			knownRegions = (
				en,
				Base,
			);
			mainGroup = C7930C4228980FA000AF4DFF;
			productRefGroup = C7930C4C28980FA000AF4DFF /* Products */;
			projectDirPath = "";
			projectRoot = "";
			targets = (
				C7930C4A28980FA000AF4DFF /* SoldierPass */,
			);
		};
/* End PBXProject section */

/* Begin PBXResourcesBuildPhase section */
		C7930C4928980FA000AF4DFF /* Resources */ = {
			isa = PBXResourcesBuildPhase;
			buildActionMask = 2147483647;
			files = (
				C7EA888328A96CDD00D850F3 /* icons8-집-50.png in Resources */,
				C7EA888428A96CDD00D850F3 /* icons8-지도-마커-50.png in Resources */,
				C7EA888128A96CDD00D850F3 /* icons8-지도-마커-50 (1).png in Resources */,
				C7EA888528A96CDD00D850F3 /* icons8-별-50.png in Resources */,
				53BF8A8A28AB989D0039D9AF /* DaumMap.embeddedframework in Resources */,
				C7EA888628A96CDD00D850F3 /* icons8-별-50 (4).png in Resources */,
				C7930C632898103900AF4DFF /* data.csv in Resources */,
				C7930C5B28980FA200AF4DFF /* LaunchScreen.storyboard in Resources */,
				C7930C5828980FA200AF4DFF /* Assets.xcassets in Resources */,
				C7930C5628980FA000AF4DFF /* Main.storyboard in Resources */,
				C7EA888828A96CDD00D850F3 /* full_star.png in Resources */,
				53BF8AA228AD05B10039D9AF /* cell_background.jpeg in Resources */,
				C7EA888728A96CDD00D850F3 /* star.png in Resources */,
				C7EA888228A96CDD00D850F3 /* icons8-집-50 (1).png in Resources */,
				C7EA888028A96CDD00D850F3 /* icons8-별-50 (1).png in Resources */,
				53BF8A9728ABE3B70039D9AF /* icons8-채점자-30.png in Resources */,
				53BF8A9528ABE0C70039D9AF /* icons8-전화-30.png in Resources */,
			);
			runOnlyForDeploymentPostprocessing = 0;
		};
/* End PBXResourcesBuildPhase section */

/* Begin PBXSourcesBuildPhase section */
		C7930C4728980FA000AF4DFF /* Sources */ = {
			isa = PBXSourcesBuildPhase;
			buildActionMask = 2147483647;
			files = (
				53BF8AA628AD17990039D9AF /* FavoriteTableViewController.swift in Sources */,
				53BF8AAC28AE7ACB0039D9AF /* MovieViewController.swift in Sources */,
				C7EA888C28A97F6600D850F3 /* TabViewController.swift in Sources */,
				53BF8AA428AD16A90039D9AF /* FavoriteTableViewCell.swift in Sources */,
				C7930C5328980FA000AF4DFF /* ViewController.swift in Sources */,
				C7BF1FD928AE960D00EB4537 /* MovieTableViewCell.swift in Sources */,
				5331ECFA289E367000AD36BA /* CategoryButton.swift in Sources */,
				53BF8A9328ABDD800039D9AF /* HomepageButton.swift in Sources */,
				53C2D2872898E47A00294AED /* BenefitsDataController.swift in Sources */,
				53BF8A8F28ABC3C30039D9AF /* DBHelper.swift in Sources */,
				53BF8A9128ABD0080039D9AF /* PopupViewController.swift in Sources */,
				C7930C4F28980FA000AF4DFF /* AppDelegate.swift in Sources */,
				5331ECFC289E377700AD36BA /* MainTableViewCell.swift in Sources */,
				C7930C5128980FA000AF4DFF /* SceneDelegate.swift in Sources */,
				C7B4625528A6ABD900AB6813 /* MapViewController.swift in Sources */,
			);
			runOnlyForDeploymentPostprocessing = 0;
		};
/* End PBXSourcesBuildPhase section */

/* Begin PBXVariantGroup section */
		C7930C5428980FA000AF4DFF /* Main.storyboard */ = {
			isa = PBXVariantGroup;
			children = (
				C7930C5528980FA000AF4DFF /* Base */,
			);
			name = Main.storyboard;
			sourceTree = "<group>";
		};
		C7930C5928980FA200AF4DFF /* LaunchScreen.storyboard */ = {
			isa = PBXVariantGroup;
			children = (
				C7930C5A28980FA200AF4DFF /* Base */,
			);
			name = LaunchScreen.storyboard;
			sourceTree = "<group>";
		};
/* End PBXVariantGroup section */

/* Begin XCBuildConfiguration section */
		C7930C5D28980FA200AF4DFF /* Debug */ = {
			isa = XCBuildConfiguration;
			buildSettings = {
				ALWAYS_SEARCH_USER_PATHS = NO;
				CLANG_ANALYZER_NONNULL = YES;
				CLANG_ANALYZER_NUMBER_OBJECT_CONVERSION = YES_AGGRESSIVE;
				CLANG_CXX_LANGUAGE_STANDARD = "gnu++17";
				CLANG_ENABLE_MODULES = YES;
				CLANG_ENABLE_OBJC_ARC = YES;
				CLANG_ENABLE_OBJC_WEAK = YES;
				CLANG_WARN_BLOCK_CAPTURE_AUTORELEASING = YES;
				CLANG_WARN_BOOL_CONVERSION = YES;
				CLANG_WARN_COMMA = YES;
				CLANG_WARN_CONSTANT_CONVERSION = YES;
				CLANG_WARN_DEPRECATED_OBJC_IMPLEMENTATIONS = YES;
				CLANG_WARN_DIRECT_OBJC_ISA_USAGE = YES_ERROR;
				CLANG_WARN_DOCUMENTATION_COMMENTS = YES;
				CLANG_WARN_EMPTY_BODY = YES;
				CLANG_WARN_ENUM_CONVERSION = YES;
				CLANG_WARN_INFINITE_RECURSION = YES;
				CLANG_WARN_INT_CONVERSION = YES;
				CLANG_WARN_NON_LITERAL_NULL_CONVERSION = YES;
				CLANG_WARN_OBJC_IMPLICIT_RETAIN_SELF = YES;
				CLANG_WARN_OBJC_LITERAL_CONVERSION = YES;
				CLANG_WARN_OBJC_ROOT_CLASS = YES_ERROR;
				CLANG_WARN_QUOTED_INCLUDE_IN_FRAMEWORK_HEADER = YES;
				CLANG_WARN_RANGE_LOOP_ANALYSIS = YES;
				CLANG_WARN_STRICT_PROTOTYPES = YES;
				CLANG_WARN_SUSPICIOUS_MOVE = YES;
				CLANG_WARN_UNGUARDED_AVAILABILITY = YES_AGGRESSIVE;
				CLANG_WARN_UNREACHABLE_CODE = YES;
				CLANG_WARN__DUPLICATE_METHOD_MATCH = YES;
				COPY_PHASE_STRIP = NO;
				DEBUG_INFORMATION_FORMAT = dwarf;
				ENABLE_STRICT_OBJC_MSGSEND = YES;
				ENABLE_TESTABILITY = YES;
				GCC_C_LANGUAGE_STANDARD = gnu11;
				GCC_DYNAMIC_NO_PIC = NO;
				GCC_NO_COMMON_BLOCKS = YES;
				GCC_OPTIMIZATION_LEVEL = 0;
				GCC_PREPROCESSOR_DEFINITIONS = (
					"DEBUG=1",
					"$(inherited)",
				);
				GCC_WARN_64_TO_32_BIT_CONVERSION = YES;
				GCC_WARN_ABOUT_RETURN_TYPE = YES_ERROR;
				GCC_WARN_UNDECLARED_SELECTOR = YES;
				GCC_WARN_UNINITIALIZED_AUTOS = YES_AGGRESSIVE;
				GCC_WARN_UNUSED_FUNCTION = YES;
				GCC_WARN_UNUSED_VARIABLE = YES;
				IPHONEOS_DEPLOYMENT_TARGET = 15.5;
				MTL_ENABLE_DEBUG_INFO = INCLUDE_SOURCE;
				MTL_FAST_MATH = YES;
				ONLY_ACTIVE_ARCH = YES;
				SDKROOT = iphoneos;
				SWIFT_ACTIVE_COMPILATION_CONDITIONS = DEBUG;
				SWIFT_OPTIMIZATION_LEVEL = "-Onone";
			};
			name = Debug;
		};
		C7930C5E28980FA200AF4DFF /* Release */ = {
			isa = XCBuildConfiguration;
			buildSettings = {
				ALWAYS_SEARCH_USER_PATHS = NO;
				CLANG_ANALYZER_NONNULL = YES;
				CLANG_ANALYZER_NUMBER_OBJECT_CONVERSION = YES_AGGRESSIVE;
				CLANG_CXX_LANGUAGE_STANDARD = "gnu++17";
				CLANG_ENABLE_MODULES = YES;
				CLANG_ENABLE_OBJC_ARC = YES;
				CLANG_ENABLE_OBJC_WEAK = YES;
				CLANG_WARN_BLOCK_CAPTURE_AUTORELEASING = YES;
				CLANG_WARN_BOOL_CONVERSION = YES;
				CLANG_WARN_COMMA = YES;
				CLANG_WARN_CONSTANT_CONVERSION = YES;
				CLANG_WARN_DEPRECATED_OBJC_IMPLEMENTATIONS = YES;
				CLANG_WARN_DIRECT_OBJC_ISA_USAGE = YES_ERROR;
				CLANG_WARN_DOCUMENTATION_COMMENTS = YES;
				CLANG_WARN_EMPTY_BODY = YES;
				CLANG_WARN_ENUM_CONVERSION = YES;
				CLANG_WARN_INFINITE_RECURSION = YES;
				CLANG_WARN_INT_CONVERSION = YES;
				CLANG_WARN_NON_LITERAL_NULL_CONVERSION = YES;
				CLANG_WARN_OBJC_IMPLICIT_RETAIN_SELF = YES;
				CLANG_WARN_OBJC_LITERAL_CONVERSION = YES;
				CLANG_WARN_OBJC_ROOT_CLASS = YES_ERROR;
				CLANG_WARN_QUOTED_INCLUDE_IN_FRAMEWORK_HEADER = YES;
				CLANG_WARN_RANGE_LOOP_ANALYSIS = YES;
				CLANG_WARN_STRICT_PROTOTYPES = YES;
				CLANG_WARN_SUSPICIOUS_MOVE = YES;
				CLANG_WARN_UNGUARDED_AVAILABILITY = YES_AGGRESSIVE;
				CLANG_WARN_UNREACHABLE_CODE = YES;
				CLANG_WARN__DUPLICATE_METHOD_MATCH = YES;
				COPY_PHASE_STRIP = NO;
				DEBUG_INFORMATION_FORMAT = "dwarf-with-dsym";
				ENABLE_NS_ASSERTIONS = NO;
				ENABLE_STRICT_OBJC_MSGSEND = YES;
				GCC_C_LANGUAGE_STANDARD = gnu11;
				GCC_NO_COMMON_BLOCKS = YES;
				GCC_WARN_64_TO_32_BIT_CONVERSION = YES;
				GCC_WARN_ABOUT_RETURN_TYPE = YES_ERROR;
				GCC_WARN_UNDECLARED_SELECTOR = YES;
				GCC_WARN_UNINITIALIZED_AUTOS = YES_AGGRESSIVE;
				GCC_WARN_UNUSED_FUNCTION = YES;
				GCC_WARN_UNUSED_VARIABLE = YES;
				IPHONEOS_DEPLOYMENT_TARGET = 15.5;
				MTL_ENABLE_DEBUG_INFO = NO;
				MTL_FAST_MATH = YES;
				SDKROOT = iphoneos;
				SWIFT_COMPILATION_MODE = wholemodule;
				SWIFT_OPTIMIZATION_LEVEL = "-O";
				VALIDATE_PRODUCT = YES;
			};
			name = Release;
		};
		C7930C6028980FA200AF4DFF /* Debug */ = {
			isa = XCBuildConfiguration;
			buildSettings = {
				ASSETCATALOG_COMPILER_APPICON_NAME = AppIcon;
				ASSETCATALOG_COMPILER_GLOBAL_ACCENT_COLOR_NAME = AccentColor;
				CLANG_ENABLE_OBJC_ARC = NO;
				CODE_SIGN_STYLE = Automatic;
				CURRENT_PROJECT_VERSION = 1;
				DEVELOPMENT_TEAM = 6MUPBPQFU7;
				FRAMEWORK_SEARCH_PATHS = (
					"$(inherited)",
					"$(PROJECT_DIR)/SoldierPass/mapTest/mapTest/DaumMap.embeddedframework",
					"$(PROJECT_DIR)/SoldierPass/mapTest/DaumMap.embeddedframework",
					"$(PROJECT_DIR)/SoldierPass/mapTest",
					"$(PROJECT_DIR)/SoldierPass/DaumMap.embeddedframework",
					"$(PROJECT_DIR)/SoldierPass",
					"$(PROJECT_DIR)",
					"$(PROJECT_DIR)/DaumMap.embeddedframework",
				);
				GENERATE_INFOPLIST_FILE = YES;
				INFOPLIST_FILE = SoldierPass/Info.plist;
				INFOPLIST_KEY_UIApplicationSupportsIndirectInputEvents = YES;
				INFOPLIST_KEY_UILaunchStoryboardName = LaunchScreen;
				INFOPLIST_KEY_UIMainStoryboardFile = Main;
				INFOPLIST_KEY_UISupportedInterfaceOrientations_iPad = "UIInterfaceOrientationPortrait UIInterfaceOrientationPortraitUpsideDown UIInterfaceOrientationLandscapeLeft UIInterfaceOrientationLandscapeRight";
				INFOPLIST_KEY_UISupportedInterfaceOrientations_iPhone = "UIInterfaceOrientationPortrait UIInterfaceOrientationLandscapeLeft UIInterfaceOrientationLandscapeRight";
				LD_RUNPATH_SEARCH_PATHS = (
					"$(inherited)",
					"@executable_path/Frameworks",
				);
				MARKETING_VERSION = 1.0;
				PRODUCT_BUNDLE_IDENTIFIER = com.yourcompany.SoldierPass;
				PRODUCT_NAME = "$(TARGET_NAME)";
				SWIFT_EMIT_LOC_STRINGS = YES;
				SWIFT_OBJC_BRIDGING_HEADER = ./Header.h;
				SWIFT_VERSION = 5.0;
				TARGETED_DEVICE_FAMILY = "1,2";
			};
			name = Debug;
		};
		C7930C6128980FA200AF4DFF /* Release */ = {
			isa = XCBuildConfiguration;
			buildSettings = {
				ASSETCATALOG_COMPILER_APPICON_NAME = AppIcon;
				ASSETCATALOG_COMPILER_GLOBAL_ACCENT_COLOR_NAME = AccentColor;
				CLANG_ENABLE_OBJC_ARC = NO;
				CODE_SIGN_STYLE = Automatic;
				CURRENT_PROJECT_VERSION = 1;
				DEVELOPMENT_TEAM = 6MUPBPQFU7;
				FRAMEWORK_SEARCH_PATHS = (
					"$(inherited)",
					"$(PROJECT_DIR)/SoldierPass/mapTest/mapTest/DaumMap.embeddedframework",
					"$(PROJECT_DIR)/SoldierPass/mapTest/DaumMap.embeddedframework",
					"$(PROJECT_DIR)/SoldierPass/mapTest",
					"$(PROJECT_DIR)/SoldierPass/DaumMap.embeddedframework",
					"$(PROJECT_DIR)/SoldierPass",
					"$(PROJECT_DIR)",
					"$(PROJECT_DIR)/DaumMap.embeddedframework",
				);
				GENERATE_INFOPLIST_FILE = YES;
				INFOPLIST_FILE = SoldierPass/Info.plist;
				INFOPLIST_KEY_UIApplicationSupportsIndirectInputEvents = YES;
				INFOPLIST_KEY_UILaunchStoryboardName = LaunchScreen;
				INFOPLIST_KEY_UIMainStoryboardFile = Main;
				INFOPLIST_KEY_UISupportedInterfaceOrientations_iPad = "UIInterfaceOrientationPortrait UIInterfaceOrientationPortraitUpsideDown UIInterfaceOrientationLandscapeLeft UIInterfaceOrientationLandscapeRight";
				INFOPLIST_KEY_UISupportedInterfaceOrientations_iPhone = "UIInterfaceOrientationPortrait UIInterfaceOrientationLandscapeLeft UIInterfaceOrientationLandscapeRight";
				LD_RUNPATH_SEARCH_PATHS = (
					"$(inherited)",
					"@executable_path/Frameworks",
				);
				MARKETING_VERSION = 1.0;
				PRODUCT_BUNDLE_IDENTIFIER = com.yourcompany.SoldierPass;
				PRODUCT_NAME = "$(TARGET_NAME)";
				SWIFT_EMIT_LOC_STRINGS = YES;
				SWIFT_OBJC_BRIDGING_HEADER = ./Header.h;
				SWIFT_VERSION = 5.0;
				TARGETED_DEVICE_FAMILY = "1,2";
			};
			name = Release;
		};
/* End XCBuildConfiguration section */

/* Begin XCConfigurationList section */
		C7930C4628980FA000AF4DFF /* Build configuration list for PBXProject "SoldierPass" */ = {
			isa = XCConfigurationList;
			buildConfigurations = (
				C7930C5D28980FA200AF4DFF /* Debug */,
				C7930C5E28980FA200AF4DFF /* Release */,
			);
			defaultConfigurationIsVisible = 0;
			defaultConfigurationName = Release;
		};
		C7930C5F28980FA200AF4DFF /* Build configuration list for PBXNativeTarget "SoldierPass" */ = {
			isa = XCConfigurationList;
			buildConfigurations = (
				C7930C6028980FA200AF4DFF /* Debug */,
				C7930C6128980FA200AF4DFF /* Release */,
			);
			defaultConfigurationIsVisible = 0;
			defaultConfigurationName = Release;
		};
/* End XCConfigurationList section */
	};
	rootObject = C7930C4328980FA000AF4DFF /* Project object */;
}
